// !$*UTF8*$!
{
	archiveVersion = 1;
	classes = {
	};
	objectVersion = 50;
	objects = {

/* Begin PBXBuildFile section */
		D62DF5E2227152580063AED8 /* AppDelegate.swift in Sources */ = {isa = PBXBuildFile; fileRef = D62DF5E1227152580063AED8 /* AppDelegate.swift */; };
		D62DF5E7227152580063AED8 /* Main.storyboard in Resources */ = {isa = PBXBuildFile; fileRef = D62DF5E5227152580063AED8 /* Main.storyboard */; };
		D62DF5E9227152590063AED8 /* Assets.xcassets in Resources */ = {isa = PBXBuildFile; fileRef = D62DF5E8227152590063AED8 /* Assets.xcassets */; };
		D62DF5EC227152590063AED8 /* LaunchScreen.storyboard in Resources */ = {isa = PBXBuildFile; fileRef = D62DF5EA227152590063AED8 /* LaunchScreen.storyboard */; };
		D62DF5F9227155DB0063AED8 /* PlacesTableViewController.swift in Sources */ = {isa = PBXBuildFile; fileRef = D62DF5F8227155DB0063AED8 /* PlacesTableViewController.swift */; };
		D62DF5FB2271560B0063AED8 /* MapViewController.swift in Sources */ = {isa = PBXBuildFile; fileRef = D62DF5FA2271560B0063AED8 /* MapViewController.swift */; };
		D62DF5FD2271583C0063AED8 /* Place.swift in Sources */ = {isa = PBXBuildFile; fileRef = D62DF5FC2271583C0063AED8 /* Place.swift */; };
		D62DF5FF227158BD0063AED8 /* PlaceController.swift in Sources */ = {isa = PBXBuildFile; fileRef = D62DF5FE227158BD0063AED8 /* PlaceController.swift */; };
/* End PBXBuildFile section */

/* Begin PBXFileReference section */
		D62DF5DE227152580063AED8 /* Places2.app */ = {isa = PBXFileReference; explicitFileType = wrapper.application; includeInIndex = 0; path = Places2.app; sourceTree = BUILT_PRODUCTS_DIR; };
		D62DF5E1227152580063AED8 /* AppDelegate.swift */ = {isa = PBXFileReference; lastKnownFileType = sourcecode.swift; path = AppDelegate.swift; sourceTree = "<group>"; };
		D62DF5E6227152580063AED8 /* Base */ = {isa = PBXFileReference; lastKnownFileType = file.storyboard; name = Base; path = Base.lproj/Main.storyboard; sourceTree = "<group>"; };
		D62DF5E8227152590063AED8 /* Assets.xcassets */ = {isa = PBXFileReference; lastKnownFileType = folder.assetcatalog; path = Assets.xcassets; sourceTree = "<group>"; };
		D62DF5EB227152590063AED8 /* Base */ = {isa = PBXFileReference; lastKnownFileType = file.storyboard; name = Base; path = Base.lproj/LaunchScreen.storyboard; sourceTree = "<group>"; };
		D62DF5ED227152590063AED8 /* Info.plist */ = {isa = PBXFileReference; lastKnownFileType = text.plist.xml; path = Info.plist; sourceTree = "<group>"; };
		D62DF5F8227155DB0063AED8 /* PlacesTableViewController.swift */ = {isa = PBXFileReference; lastKnownFileType = sourcecode.swift; path = PlacesTableViewController.swift; sourceTree = "<group>"; };
		D62DF5FA2271560B0063AED8 /* MapViewController.swift */ = {isa = PBXFileReference; lastKnownFileType = sourcecode.swift; path = MapViewController.swift; sourceTree = "<group>"; };
		D62DF5FC2271583C0063AED8 /* Place.swift */ = {isa = PBXFileReference; lastKnownFileType = sourcecode.swift; path = Place.swift; sourceTree = "<group>"; };
		D62DF5FE227158BD0063AED8 /* PlaceController.swift */ = {isa = PBXFileReference; lastKnownFileType = sourcecode.swift; path = PlaceController.swift; sourceTree = "<group>"; };
/* End PBXFileReference section */

/* Begin PBXFrameworksBuildPhase section */
		D62DF5DB227152580063AED8 /* Frameworks */ = {
			isa = PBXFrameworksBuildPhase;
			buildActionMask = 2147483647;
			files = (
			);
			runOnlyForDeploymentPostprocessing = 0;
		};
/* End PBXFrameworksBuildPhase section */

/* Begin PBXGroup section */
		D62DF5D5227152580063AED8 = {
			isa = PBXGroup;
			children = (
				D62DF5E0227152580063AED8 /* Places2 */,
				D62DF5DF227152580063AED8 /* Products */,
			);
			sourceTree = "<group>";
		};
		D62DF5DF227152580063AED8 /* Products */ = {
			isa = PBXGroup;
			children = (
				D62DF5DE227152580063AED8 /* Places2.app */,
			);
			name = Products;
			sourceTree = "<group>";
		};
		D62DF5E0227152580063AED8 /* Places2 */ = {
			isa = PBXGroup;
			children = (
				D62DF5F6227152C80063AED8 /* Models */,
				D62DF5F7227152D00063AED8 /* Model Controllers */,
				D62DF5F4227152A70063AED8 /* Storyboards */,
				D62DF5F5227152B80063AED8 /* View Controllers */,
				D62DF5F32271528A0063AED8 /* Resources */,
			);
			path = Places2;
			sourceTree = "<group>";
		};
		D62DF5F32271528A0063AED8 /* Resources */ = {
			isa = PBXGroup;
			children = (
				D62DF5E1227152580063AED8 /* AppDelegate.swift */,
				D62DF5E8227152590063AED8 /* Assets.xcassets */,
				D62DF5ED227152590063AED8 /* Info.plist */,
			);
			path = Resources;
			sourceTree = "<group>";
		};
		D62DF5F4227152A70063AED8 /* Storyboards */ = {
			isa = PBXGroup;
			children = (
				D62DF5E5227152580063AED8 /* Main.storyboard */,
				D62DF5EA227152590063AED8 /* LaunchScreen.storyboard */,
			);
			path = Storyboards;
			sourceTree = "<group>";
		};
		D62DF5F5227152B80063AED8 /* View Controllers */ = {
			isa = PBXGroup;
			children = (
				D62DF5F8227155DB0063AED8 /* PlacesTableViewController.swift */,
				D62DF5FA2271560B0063AED8 /* MapViewController.swift */,
			);
			path = "View Controllers";
			sourceTree = "<group>";
		};
		D62DF5F6227152C80063AED8 /* Models */ = {
			isa = PBXGroup;
			children = (
				D62DF5FC2271583C0063AED8 /* Place.swift */,
			);
			path = Models;
			sourceTree = "<group>";
		};
		D62DF5F7227152D00063AED8 /* Model Controllers */ = {
			isa = PBXGroup;
			children = (
				D62DF5FE227158BD0063AED8 /* PlaceController.swift */,
			);
			path = "Model Controllers";
			sourceTree = "<group>";
		};
/* End PBXGroup section */

/* Begin PBXNativeTarget section */
		D62DF5DD227152580063AED8 /* Places2 */ = {
			isa = PBXNativeTarget;
			buildConfigurationList = D62DF5F0227152590063AED8 /* Build configuration list for PBXNativeTarget "Places2" */;
			buildPhases = (
				D62DF5DA227152580063AED8 /* Sources */,
				D62DF5DB227152580063AED8 /* Frameworks */,
				D62DF5DC227152580063AED8 /* Resources */,
			);
			buildRules = (
			);
			dependencies = (
			);
			name = Places2;
			productName = Places2;
			productReference = D62DF5DE227152580063AED8 /* Places2.app */;
			productType = "com.apple.product-type.application";
		};
/* End PBXNativeTarget section */

/* Begin PBXProject section */
		D62DF5D6227152580063AED8 /* Project object */ = {
			isa = PBXProject;
			attributes = {
				LastSwiftUpdateCheck = 1020;
				LastUpgradeCheck = 1020;
				ORGANIZATIONNAME = "Michael Stoffer";
				TargetAttributes = {
					D62DF5DD227152580063AED8 = {
						CreatedOnToolsVersion = 10.2.1;
					};
				};
			};
			buildConfigurationList = D62DF5D9227152580063AED8 /* Build configuration list for PBXProject "Places2" */;
			compatibilityVersion = "Xcode 9.3";
			developmentRegion = en;
			hasScannedForEncodings = 0;
			knownRegions = (
				en,
				Base,
			);
			mainGroup = D62DF5D5227152580063AED8;
			productRefGroup = D62DF5DF227152580063AED8 /* Products */;
			projectDirPath = "";
			projectRoot = "";
			targets = (
				D62DF5DD227152580063AED8 /* Places2 */,
			);
		};
/* End PBXProject section */

/* Begin PBXResourcesBuildPhase section */
		D62DF5DC227152580063AED8 /* Resources */ = {
			isa = PBXResourcesBuildPhase;
			buildActionMask = 2147483647;
			files = (
				D62DF5EC227152590063AED8 /* LaunchScreen.storyboard in Resources */,
				D62DF5E9227152590063AED8 /* Assets.xcassets in Resources */,
				D62DF5E7227152580063AED8 /* Main.storyboard in Resources */,
			);
			runOnlyForDeploymentPostprocessing = 0;
		};
/* End PBXResourcesBuildPhase section */

/* Begin PBXSourcesBuildPhase section */
		D62DF5DA227152580063AED8 /* Sources */ = {
			isa = PBXSourcesBuildPhase;
			buildActionMask = 2147483647;
			files = (
				D62DF5E2227152580063AED8 /* AppDelegate.swift in Sources */,
				D62DF5F9227155DB0063AED8 /* PlacesTableViewController.swift in Sources */,
				D62DF5FF227158BD0063AED8 /* PlaceController.swift in Sources */,
				D62DF5FB2271560B0063AED8 /* MapViewController.swift in Sources */,
				D62DF5FD2271583C0063AED8 /* Place.swift in Sources */,
			);
			runOnlyForDeploymentPostprocessing = 0;
		};
/* End PBXSourcesBuildPhase section */

/* Begin PBXVariantGroup section */
		D62DF5E5227152580063AED8 /* Main.storyboard */ = {
			isa = PBXVariantGroup;
			children = (
				D62DF5E6227152580063AED8 /* Base */,
			);
			name = Main.storyboard;
			sourceTree = "<group>";
		};
		D62DF5EA227152590063AED8 /* LaunchScreen.storyboard */ = {
			isa = PBXVariantGroup;
			children = (
				D62DF5EB227152590063AED8 /* Base */,
			);
			name = LaunchScreen.storyboard;
			sourceTree = "<group>";
		};
/* End PBXVariantGroup section */

/* Begin XCBuildConfiguration section */
		D62DF5EE227152590063AED8 /* Debug */ = {
			isa = XCBuildConfiguration;
			buildSettings = {
				ALWAYS_SEARCH_USER_PATHS = NO;
				CLANG_ANALYZER_NONNULL = YES;
				CLANG_ANALYZER_NUMBER_OBJECT_CONVERSION = YES_AGGRESSIVE;
				CLANG_CXX_LANGUAGE_STANDARD = "gnu++14";
				CLANG_CXX_LIBRARY = "libc++";
				CLANG_ENABLE_MODULES = YES;
				CLANG_ENABLE_OBJC_ARC = YES;
				CLANG_ENABLE_OBJC_WEAK = YES;
				CLANG_WARN_BLOCK_CAPTURE_AUTORELEASING = YES;
				CLANG_WARN_BOOL_CONVERSION = YES;
				CLANG_WARN_COMMA = YES;
				CLANG_WARN_CONSTANT_CONVERSION = YES;
				CLANG_WARN_DEPRECATED_OBJC_IMPLEMENTATIONS = YES;
				CLANG_WARN_DIRECT_OBJC_ISA_USAGE = YES_ERROR;
				CLANG_WARN_DOCUMENTATION_COMMENTS = YES;
				CLANG_WARN_EMPTY_BODY = YES;
				CLANG_WARN_ENUM_CONVERSION = YES;
				CLANG_WARN_INFINITE_RECURSION = YES;
				CLANG_WARN_INT_CONVERSION = YES;
				CLANG_WARN_NON_LITERAL_NULL_CONVERSION = YES;
				CLANG_WARN_OBJC_IMPLICIT_RETAIN_SELF = YES;
				CLANG_WARN_OBJC_LITERAL_CONVERSION = YES;
				CLANG_WARN_OBJC_ROOT_CLASS = YES_ERROR;
				CLANG_WARN_RANGE_LOOP_ANALYSIS = YES;
				CLANG_WARN_STRICT_PROTOTYPES = YES;
				CLANG_WARN_SUSPICIOUS_MOVE = YES;
				CLANG_WARN_UNGUARDED_AVAILABILITY = YES_AGGRESSIVE;
				CLANG_WARN_UNREACHABLE_CODE = YES;
				CLANG_WARN__DUPLICATE_METHOD_MATCH = YES;
				CODE_SIGN_IDENTITY = "iPhone Developer";
				COPY_PHASE_STRIP = NO;
				DEBUG_INFORMATION_FORMAT = dwarf;
				ENABLE_STRICT_OBJC_MSGSEND = YES;
				ENABLE_TESTABILITY = YES;
				GCC_C_LANGUAGE_STANDARD = gnu11;
				GCC_DYNAMIC_NO_PIC = NO;
				GCC_NO_COMMON_BLOCKS = YES;
				GCC_OPTIMIZATION_LEVEL = 0;
				GCC_PREPROCESSOR_DEFINITIONS = (
					"DEBUG=1",
					"$(inherited)",
				);
				GCC_WARN_64_TO_32_BIT_CONVERSION = YES;
				GCC_WARN_ABOUT_RETURN_TYPE = YES_ERROR;
				GCC_WARN_UNDECLARED_SELECTOR = YES;
				GCC_WARN_UNINITIALIZED_AUTOS = YES_AGGRESSIVE;
				GCC_WARN_UNUSED_FUNCTION = YES;
				GCC_WARN_UNUSED_VARIABLE = YES;
				IPHONEOS_DEPLOYMENT_TARGET = 12.2;
				MTL_ENABLE_DEBUG_INFO = INCLUDE_SOURCE;
				MTL_FAST_MATH = YES;
				ONLY_ACTIVE_ARCH = YES;
				SDKROOT = iphoneos;
				SWIFT_ACTIVE_COMPILATION_CONDITIONS = DEBUG;
				SWIFT_OPTIMIZATION_LEVEL = "-Onone";
			};
			name = Debug;
		};
		D62DF5EF227152590063AED8 /* Release */ = {
			isa = XCBuildConfiguration;
			buildSettings = {
				ALWAYS_SEARCH_USER_PATHS = NO;
				CLANG_ANALYZER_NONNULL = YES;
				CLANG_ANALYZER_NUMBER_OBJECT_CONVERSION = YES_AGGRESSIVE;
				CLANG_CXX_LANGUAGE_STANDARD = "gnu++14";
				CLANG_CXX_LIBRARY = "libc++";
				CLANG_ENABLE_MODULES = YES;
				CLANG_ENABLE_OBJC_ARC = YES;
				CLANG_ENABLE_OBJC_WEAK = YES;
				CLANG_WARN_BLOCK_CAPTURE_AUTORELEASING = YES;
				CLANG_WARN_BOOL_CONVERSION = YES;
				CLANG_WARN_COMMA = YES;
				CLANG_WARN_CONSTANT_CONVERSION = YES;
				CLANG_WARN_DEPRECATED_OBJC_IMPLEMENTATIONS = YES;
				CLANG_WARN_DIRECT_OBJC_ISA_USAGE = YES_ERROR;
				CLANG_WARN_DOCUMENTATION_COMMENTS = YES;
				CLANG_WARN_EMPTY_BODY = YES;
				CLANG_WARN_ENUM_CONVERSION = YES;
				CLANG_WARN_INFINITE_RECURSION = YES;
				CLANG_WARN_INT_CONVERSION = YES;
				CLANG_WARN_NON_LITERAL_NULL_CONVERSION = YES;
				CLANG_WARN_OBJC_IMPLICIT_RETAIN_SELF = YES;
				CLANG_WARN_OBJC_LITERAL_CONVERSION = YES;
				CLANG_WARN_OBJC_ROOT_CLASS = YES_ERROR;
				CLANG_WARN_RANGE_LOOP_ANALYSIS = YES;
				CLANG_WARN_STRICT_PROTOTYPES = YES;
				CLANG_WARN_SUSPICIOUS_MOVE = YES;
				CLANG_WARN_UNGUARDED_AVAILABILITY = YES_AGGRESSIVE;
				CLANG_WARN_UNREACHABLE_CODE = YES;
				CLANG_WARN__DUPLICATE_METHOD_MATCH = YES;
				CODE_SIGN_IDENTITY = "iPhone Developer";
				COPY_PHASE_STRIP = NO;
				DEBUG_INFORMATION_FORMAT = "dwarf-with-dsym";
				ENABLE_NS_ASSERTIONS = NO;
				ENABLE_STRICT_OBJC_MSGSEND = YES;
				GCC_C_LANGUAGE_STANDARD = gnu11;
				GCC_NO_COMMON_BLOCKS = YES;
				GCC_WARN_64_TO_32_BIT_CONVERSION = YES;
				GCC_WARN_ABOUT_RETURN_TYPE = YES_ERROR;
				GCC_WARN_UNDECLARED_SELECTOR = YES;
				GCC_WARN_UNINITIALIZED_AUTOS = YES_AGGRESSIVE;
				GCC_WARN_UNUSED_FUNCTION = YES;
				GCC_WARN_UNUSED_VARIABLE = YES;
				IPHONEOS_DEPLOYMENT_TARGET = 12.2;
				MTL_ENABLE_DEBUG_INFO = NO;
				MTL_FAST_MATH = YES;
				SDKROOT = iphoneos;
				SWIFT_COMPILATION_MODE = wholemodule;
				SWIFT_OPTIMIZATION_LEVEL = "-O";
				VALIDATE_PRODUCT = YES;
			};
			name = Release;
		};
		D62DF5F1227152590063AED8 /* Debug */ = {
			isa = XCBuildConfiguration;
			buildSettings = {
				ASSETCATALOG_COMPILER_APPICON_NAME = AppIcon;
				CODE_SIGN_STYLE = Automatic;
				DEVELOPMENT_TEAM = 3XVDLP5XYQ;
				INFOPLIST_FILE = "$(SRCROOT)/Places2/Resources/Info.plist";
				LD_RUNPATH_SEARCH_PATHS = (
					"$(inherited)",
					"@executable_path/Frameworks",
				);
				PRODUCT_BUNDLE_IDENTIFIER = com.michaelstoffer.Places2;
				PRODUCT_NAME = "$(TARGET_NAME)";
				SWIFT_VERSION = 5.0;
				TARGETED_DEVICE_FAMILY = "1,2";
			};
			name = Debug;
		};
		D62DF5F2227152590063AED8 /* Release */ = {
			isa = XCBuildConfiguration;
			buildSettings = {
				ASSETCATALOG_COMPILER_APPICON_NAME = AppIcon;
				CODE_SIGN_STYLE = Automatic;
				DEVELOPMENT_TEAM = 3XVDLP5XYQ;
				INFOPLIST_FILE = "$(SRCROOT)/Places2/Resources/Info.plist";
				LD_RUNPATH_SEARCH_PATHS = (
					"$(inherited)",
					"@executable_path/Frameworks",
				);
				PRODUCT_BUNDLE_IDENTIFIER = com.michaelstoffer.Places2;
				PRODUCT_NAME = "$(TARGET_NAME)";
				SWIFT_VERSION = 5.0;
				TARGETED_DEVICE_FAMILY = "1,2";
			};
			name = Release;
		};
/* End XCBuildConfiguration section */

/* Begin XCConfigurationList section */
		D62DF5D9227152580063AED8 /* Build configuration list for PBXProject "Places2" */ = {
			isa = XCConfigurationList;
			buildConfigurations = (
				D62DF5EE227152590063AED8 /* Debug */,
				D62DF5EF227152590063AED8 /* Release */,
			);
			defaultConfigurationIsVisible = 0;
			defaultConfigurationName = Release;
		};
		D62DF5F0227152590063AED8 /* Build configuration list for PBXNativeTarget "Places2" */ = {
			isa = XCConfigurationList;
			buildConfigurations = (
				D62DF5F1227152590063AED8 /* Debug */,
				D62DF5F2227152590063AED8 /* Release */,
			);
			defaultConfigurationIsVisible = 0;
			defaultConfigurationName = Release;
		};
/* End XCConfigurationList section */
	};
	rootObject = D62DF5D6227152580063AED8 /* Project object */;
}
